
Microsoft Visual Studio Solution File, Format Version 12.00
# Visual Studio Version 17
VisualStudioVersion = 17.5.002.0
MinimumVisualStudioVersion = 10.0.40219.1
Project("{9A19103F-16F7-4668-BE54-9A1E7A4F7556}") = "úkol 3 nebo jak se jmenuje", "úkol 3 nebo jak se jmenuje.csproj", "{56429707-7422-43EF-AF24-7289D93C94DF}"
EndProject
Global
	GlobalSection(SolutionConfigurationPlatforms) = preSolution
		Debug|Any CPU = Debug|Any CPU
		Release|Any CPU = Release|Any CPU
	EndGlobalSection
	GlobalSection(ProjectConfigurationPlatforms) = postSolution
		{56429707-7422-43EF-AF24-7289D93C94DF}.Debug|Any CPU.ActiveCfg = Debug|Any CPU
		{56429707-7422-43EF-AF24-7289D93C94DF}.Debug|Any CPU.Build.0 = Debug|Any CPU
		{56429707-7422-43EF-AF24-7289D93C94DF}.Release|Any CPU.ActiveCfg = Release|Any CPU
		{56429707-7422-43EF-AF24-7289D93C94DF}.Release|Any CPU.Build.0 = Release|Any CPU
	EndGlobalSection
	GlobalSection(SolutionProperties) = preSolution
		HideSolutionNode = FALSE
	EndGlobalSection
	GlobalSection(ExtensibilityGlobals) = postSolution
		SolutionGuid = {301E42A0-CF77-41BA-95CB-3512055CFF5E}
	EndGlobalSection
EndGlobal
